
Microsoft Visual Studio Solution File, Format Version 12.00
# Visual Studio Version 17
VisualStudioVersion = 17.0.32014.148
MinimumVisualStudioVersion = 10.0.40219.1
Project("{FAE04EC0-301F-11D3-BF4B-00C04F79EFBC}") = "Dominio", "Dominio\Dominio.csproj", "{66B1CF50-DCA9-4E0F-9944-FAF41FEB444E}"
EndProject
Project("{FAE04EC0-301F-11D3-BF4B-00C04F79EFBC}") = "Repositorio", "Repositorio\Repositorio.csproj", "{213D5D2F-9E2D-41F5-B759-904FD001CA85}"
EndProject
Project("{FAE04EC0-301F-11D3-BF4B-00C04F79EFBC}") = "WebApiRepositorioInteligente", "WebApiRepositorioInteligente\WebApiRepositorioInteligente.csproj", "{49D96377-801A-4C35-B7AC-F28854D73E18}"
EndProject
Global
	GlobalSection(SolutionConfigurationPlatforms) = preSolution
		Debug|Any CPU = Debug|Any CPU
		Release|Any CPU = Release|Any CPU
	EndGlobalSection
	GlobalSection(ProjectConfigurationPlatforms) = postSolution
		{66B1CF50-DCA9-4E0F-9944-FAF41FEB444E}.Debug|Any CPU.ActiveCfg = Debug|Any CPU
		{66B1CF50-DCA9-4E0F-9944-FAF41FEB444E}.Debug|Any CPU.Build.0 = Debug|Any CPU
		{66B1CF50-DCA9-4E0F-9944-FAF41FEB444E}.Release|Any CPU.ActiveCfg = Release|Any CPU
		{66B1CF50-DCA9-4E0F-9944-FAF41FEB444E}.Release|Any CPU.Build.0 = Release|Any CPU
		{213D5D2F-9E2D-41F5-B759-904FD001CA85}.Debug|Any CPU.ActiveCfg = Debug|Any CPU
		{213D5D2F-9E2D-41F5-B759-904FD001CA85}.Debug|Any CPU.Build.0 = Debug|Any CPU
		{213D5D2F-9E2D-41F5-B759-904FD001CA85}.Release|Any CPU.ActiveCfg = Release|Any CPU
		{213D5D2F-9E2D-41F5-B759-904FD001CA85}.Release|Any CPU.Build.0 = Release|Any CPU
		{49D96377-801A-4C35-B7AC-F28854D73E18}.Debug|Any CPU.ActiveCfg = Debug|Any CPU
		{49D96377-801A-4C35-B7AC-F28854D73E18}.Debug|Any CPU.Build.0 = Debug|Any CPU
		{49D96377-801A-4C35-B7AC-F28854D73E18}.Release|Any CPU.ActiveCfg = Release|Any CPU
		{49D96377-801A-4C35-B7AC-F28854D73E18}.Release|Any CPU.Build.0 = Release|Any CPU
	EndGlobalSection
	GlobalSection(SolutionProperties) = preSolution
		HideSolutionNode = FALSE
	EndGlobalSection
	GlobalSection(ExtensibilityGlobals) = postSolution
		SolutionGuid = {40FD5E34-4D00-4C0D-B9AE-85327498A126}
	EndGlobalSection
EndGlobal
